
Microsoft Visual Studio Solution File, Format Version 12.00
# Visual Studio Version 16
VisualStudioVersion = 16.0.31624.102
MinimumVisualStudioVersion = 10.0.40219.1
Project("{9A19103F-16F7-4668-BE54-9A1E7A4F7556}") = "Tarteeb.Time.Core", "Tarteeb.Time.Core\Tarteeb.Time.Core.csproj", "{21FDF615-7F61-4E13-AF9B-27D0D7982A43}"
EndProject
Project("{00D1A9C2-B5F0-4AF3-8072-F6C62B433612}") = "Tarteeb.Time.Database", "Tarteeb.Time.Database\Tarteeb.Time.Database.sqlproj", "{A57921E6-E556-4BAB-B073-0C88109F9B09}"
EndProject
Global
	GlobalSection(SolutionConfigurationPlatforms) = preSolution
		Debug|Any CPU = Debug|Any CPU
		Release|Any CPU = Release|Any CPU
	EndGlobalSection
	GlobalSection(ProjectConfigurationPlatforms) = postSolution
		{21FDF615-7F61-4E13-AF9B-27D0D7982A43}.Debug|Any CPU.ActiveCfg = Debug|Any CPU
		{21FDF615-7F61-4E13-AF9B-27D0D7982A43}.Debug|Any CPU.Build.0 = Debug|Any CPU
		{21FDF615-7F61-4E13-AF9B-27D0D7982A43}.Release|Any CPU.ActiveCfg = Release|Any CPU
		{21FDF615-7F61-4E13-AF9B-27D0D7982A43}.Release|Any CPU.Build.0 = Release|Any CPU
		{A57921E6-E556-4BAB-B073-0C88109F9B09}.Debug|Any CPU.ActiveCfg = Debug|Any CPU
		{A57921E6-E556-4BAB-B073-0C88109F9B09}.Debug|Any CPU.Build.0 = Debug|Any CPU
		{A57921E6-E556-4BAB-B073-0C88109F9B09}.Debug|Any CPU.Deploy.0 = Debug|Any CPU
		{A57921E6-E556-4BAB-B073-0C88109F9B09}.Release|Any CPU.ActiveCfg = Release|Any CPU
		{A57921E6-E556-4BAB-B073-0C88109F9B09}.Release|Any CPU.Build.0 = Release|Any CPU
		{A57921E6-E556-4BAB-B073-0C88109F9B09}.Release|Any CPU.Deploy.0 = Release|Any CPU
	EndGlobalSection
	GlobalSection(SolutionProperties) = preSolution
		HideSolutionNode = FALSE
	EndGlobalSection
	GlobalSection(ExtensibilityGlobals) = postSolution
		SolutionGuid = {FD87B113-2A97-4F35-A747-B6DFBDAE4F02}
	EndGlobalSection
EndGlobal
